
Microsoft Visual Studio Solution File, Format Version 12.00
# Visual Studio Version 17
VisualStudioVersion = 17.4.33103.184
MinimumVisualStudioVersion = 10.0.40219.1
Project("{FAE04EC0-301F-11D3-BF4B-00C04F79EFBC}") = "day11", "day11.csproj", "{4C100FD8-1045-45A2-8505-6BF97F93C028}"
EndProject
Global
	GlobalSection(SolutionConfigurationPlatforms) = preSolution
		Debug|Any CPU = Debug|Any CPU
		Release|Any CPU = Release|Any CPU
	EndGlobalSection
	GlobalSection(ProjectConfigurationPlatforms) = postSolution
		{4C100FD8-1045-45A2-8505-6BF97F93C028}.Debug|Any CPU.ActiveCfg = Debug|Any CPU
		{4C100FD8-1045-45A2-8505-6BF97F93C028}.Debug|Any CPU.Build.0 = Debug|Any CPU
		{4C100FD8-1045-45A2-8505-6BF97F93C028}.Release|Any CPU.ActiveCfg = Release|Any CPU
		{4C100FD8-1045-45A2-8505-6BF97F93C028}.Release|Any CPU.Build.0 = Release|Any CPU
	EndGlobalSection
	GlobalSection(SolutionProperties) = preSolution
		HideSolutionNode = FALSE
	EndGlobalSection
	GlobalSection(ExtensibilityGlobals) = postSolution
		SolutionGuid = {80ED77A4-5856-40DE-8C2D-27C534183453}
	EndGlobalSection
EndGlobal
